// !$*UTF8*$!
{
	archiveVersion = 1;
	classes = {
	};
	objectVersion = 46;
	objects = {

/* Begin PBXBuildFile section */
		1A3A43B31AFC507B004CB481 /* BikeStationMKMapView.m in Sources */ = {isa = PBXBuildFile; fileRef = 1A3A43B21AFC507B004CB481 /* BikeStationMKMapView.m */; };
		1A6BCFDA1AFCFC7000E137DF /* TestTabBarViewController.m in Sources */ = {isa = PBXBuildFile; fileRef = 1A6BCFD91AFCFC7000E137DF /* TestTabBarViewController.m */; };
		1A6BCFDD1AFCFDB200E137DF /* ViewController.m in Sources */ = {isa = PBXBuildFile; fileRef = 1A6BCFDC1AFCFDB200E137DF /* ViewController.m */; };
		1AFB5D661AFB0D27004C4083 /* main.m in Sources */ = {isa = PBXBuildFile; fileRef = 1AFB5D651AFB0D27004C4083 /* main.m */; };
		1AFB5D691AFB0D27004C4083 /* AppDelegate.m in Sources */ = {isa = PBXBuildFile; fileRef = 1AFB5D681AFB0D27004C4083 /* AppDelegate.m */; };
		1AFB5D6F1AFB0D27004C4083 /* Main.storyboard in Resources */ = {isa = PBXBuildFile; fileRef = 1AFB5D6D1AFB0D27004C4083 /* Main.storyboard */; };
		1AFB5D711AFB0D27004C4083 /* Images.xcassets in Resources */ = {isa = PBXBuildFile; fileRef = 1AFB5D701AFB0D27004C4083 /* Images.xcassets */; };
		1AFB5D741AFB0D27004C4083 /* LaunchScreen.xib in Resources */ = {isa = PBXBuildFile; fileRef = 1AFB5D721AFB0D27004C4083 /* LaunchScreen.xib */; };
		1AFB5D801AFB0D27004C4083 /* BikeShareInterfaceBuilderTests.m in Sources */ = {isa = PBXBuildFile; fileRef = 1AFB5D7F1AFB0D27004C4083 /* BikeShareInterfaceBuilderTests.m */; };
		1AFB5D8A1AFB0E6E004C4083 /* CoreLocation.framework in Frameworks */ = {isa = PBXBuildFile; fileRef = 1AFB5D891AFB0E6E004C4083 /* CoreLocation.framework */; };
		1AFB5D8C1AFB0E76004C4083 /* MapKit.framework in Frameworks */ = {isa = PBXBuildFile; fileRef = 1AFB5D8B1AFB0E76004C4083 /* MapKit.framework */; };
		1AFB5D911AFB0F47004C4083 /* HTTPCommunication.m in Sources */ = {isa = PBXBuildFile; fileRef = 1AFB5D901AFB0F47004C4083 /* HTTPCommunication.m */; };
		1AFB5D971AFB0FF0004C4083 /* BikeShareLocation.m in Sources */ = {isa = PBXBuildFile; fileRef = 1AFB5D961AFB0FF0004C4083 /* BikeShareLocation.m */; };
		1AFB5D9A1AFB1061004C4083 /* BikeShareLocationManager.m in Sources */ = {isa = PBXBuildFile; fileRef = 1AFB5D991AFB1061004C4083 /* BikeShareLocationManager.m */; };
		1AFB5DAC1AFB1586004C4083 /* MapViewController.m in Sources */ = {isa = PBXBuildFile; fileRef = 1AFB5DAB1AFB1586004C4083 /* MapViewController.m */; };
		1AFB5DAF1AFB1593004C4083 /* MoreInfoViewController.m in Sources */ = {isa = PBXBuildFile; fileRef = 1AFB5DAE1AFB1593004C4083 /* MoreInfoViewController.m */; };
/* End PBXBuildFile section */

/* Begin PBXContainerItemProxy section */
		1AFB5D7A1AFB0D27004C4083 /* PBXContainerItemProxy */ = {
			isa = PBXContainerItemProxy;
			containerPortal = 1AFB5D581AFB0D27004C4083 /* Project object */;
			proxyType = 1;
			remoteGlobalIDString = 1AFB5D5F1AFB0D27004C4083;
			remoteInfo = BikeShareInterfaceBuilder;
		};
/* End PBXContainerItemProxy section */

/* Begin PBXFileReference section */
		1A3A43B11AFC507B004CB481 /* BikeStationMKMapView.h */ = {isa = PBXFileReference; fileEncoding = 4; lastKnownFileType = sourcecode.c.h; path = BikeStationMKMapView.h; sourceTree = "<group>"; };
		1A3A43B21AFC507B004CB481 /* BikeStationMKMapView.m */ = {isa = PBXFileReference; fileEncoding = 4; lastKnownFileType = sourcecode.c.objc; path = BikeStationMKMapView.m; sourceTree = "<group>"; };
		1A6BCFD81AFCFC7000E137DF /* TestTabBarViewController.h */ = {isa = PBXFileReference; fileEncoding = 4; lastKnownFileType = sourcecode.c.h; path = TestTabBarViewController.h; sourceTree = "<group>"; };
		1A6BCFD91AFCFC7000E137DF /* TestTabBarViewController.m */ = {isa = PBXFileReference; fileEncoding = 4; lastKnownFileType = sourcecode.c.objc; path = TestTabBarViewController.m; sourceTree = "<group>"; };
		1A6BCFDB1AFCFDB200E137DF /* ViewController.h */ = {isa = PBXFileReference; fileEncoding = 4; lastKnownFileType = sourcecode.c.h; path = ViewController.h; sourceTree = "<group>"; };
		1A6BCFDC1AFCFDB200E137DF /* ViewController.m */ = {isa = PBXFileReference; fileEncoding = 4; lastKnownFileType = sourcecode.c.objc; path = ViewController.m; sourceTree = "<group>"; };
		1AFB5D601AFB0D27004C4083 /* BikeShareInterfaceBuilder.app */ = {isa = PBXFileReference; explicitFileType = wrapper.application; includeInIndex = 0; path = BikeShareInterfaceBuilder.app; sourceTree = BUILT_PRODUCTS_DIR; };
		1AFB5D641AFB0D27004C4083 /* Info.plist */ = {isa = PBXFileReference; lastKnownFileType = text.plist.xml; path = Info.plist; sourceTree = "<group>"; };
		1AFB5D651AFB0D27004C4083 /* main.m */ = {isa = PBXFileReference; lastKnownFileType = sourcecode.c.objc; path = main.m; sourceTree = "<group>"; };
		1AFB5D671AFB0D27004C4083 /* AppDelegate.h */ = {isa = PBXFileReference; lastKnownFileType = sourcecode.c.h; path = AppDelegate.h; sourceTree = "<group>"; };
		1AFB5D681AFB0D27004C4083 /* AppDelegate.m */ = {isa = PBXFileReference; lastKnownFileType = sourcecode.c.objc; path = AppDelegate.m; sourceTree = "<group>"; };
		1AFB5D6E1AFB0D27004C4083 /* Base */ = {isa = PBXFileReference; lastKnownFileType = file.storyboard; name = Base; path = Base.lproj/Main.storyboard; sourceTree = "<group>"; };
		1AFB5D701AFB0D27004C4083 /* Images.xcassets */ = {isa = PBXFileReference; lastKnownFileType = folder.assetcatalog; path = Images.xcassets; sourceTree = "<group>"; };
		1AFB5D731AFB0D27004C4083 /* Base */ = {isa = PBXFileReference; lastKnownFileType = file.xib; name = Base; path = Base.lproj/LaunchScreen.xib; sourceTree = "<group>"; };
		1AFB5D791AFB0D27004C4083 /* BikeShareInterfaceBuilderTests.xctest */ = {isa = PBXFileReference; explicitFileType = wrapper.cfbundle; includeInIndex = 0; path = BikeShareInterfaceBuilderTests.xctest; sourceTree = BUILT_PRODUCTS_DIR; };
		1AFB5D7E1AFB0D27004C4083 /* Info.plist */ = {isa = PBXFileReference; lastKnownFileType = text.plist.xml; path = Info.plist; sourceTree = "<group>"; };
		1AFB5D7F1AFB0D27004C4083 /* BikeShareInterfaceBuilderTests.m */ = {isa = PBXFileReference; lastKnownFileType = sourcecode.c.objc; path = BikeShareInterfaceBuilderTests.m; sourceTree = "<group>"; };
		1AFB5D891AFB0E6E004C4083 /* CoreLocation.framework */ = {isa = PBXFileReference; lastKnownFileType = wrapper.framework; name = CoreLocation.framework; path = System/Library/Frameworks/CoreLocation.framework; sourceTree = SDKROOT; };
		1AFB5D8B1AFB0E76004C4083 /* MapKit.framework */ = {isa = PBXFileReference; lastKnownFileType = wrapper.framework; name = MapKit.framework; path = System/Library/Frameworks/MapKit.framework; sourceTree = SDKROOT; };
		1AFB5D8F1AFB0F47004C4083 /* HTTPCommunication.h */ = {isa = PBXFileReference; fileEncoding = 4; lastKnownFileType = sourcecode.c.h; path = HTTPCommunication.h; sourceTree = "<group>"; };
		1AFB5D901AFB0F47004C4083 /* HTTPCommunication.m */ = {isa = PBXFileReference; fileEncoding = 4; lastKnownFileType = sourcecode.c.objc; path = HTTPCommunication.m; sourceTree = "<group>"; };
		1AFB5D951AFB0FF0004C4083 /* BikeShareLocation.h */ = {isa = PBXFileReference; fileEncoding = 4; lastKnownFileType = sourcecode.c.h; path = BikeShareLocation.h; sourceTree = "<group>"; };
		1AFB5D961AFB0FF0004C4083 /* BikeShareLocation.m */ = {isa = PBXFileReference; fileEncoding = 4; lastKnownFileType = sourcecode.c.objc; path = BikeShareLocation.m; sourceTree = "<group>"; };
		1AFB5D981AFB1061004C4083 /* BikeShareLocationManager.h */ = {isa = PBXFileReference; fileEncoding = 4; lastKnownFileType = sourcecode.c.h; path = BikeShareLocationManager.h; sourceTree = "<group>"; };
		1AFB5D991AFB1061004C4083 /* BikeShareLocationManager.m */ = {isa = PBXFileReference; fileEncoding = 4; lastKnownFileType = sourcecode.c.objc; path = BikeShareLocationManager.m; sourceTree = "<group>"; };
		1AFB5DAA1AFB1586004C4083 /* MapViewController.h */ = {isa = PBXFileReference; fileEncoding = 4; lastKnownFileType = sourcecode.c.h; path = MapViewController.h; sourceTree = "<group>"; };
		1AFB5DAB1AFB1586004C4083 /* MapViewController.m */ = {isa = PBXFileReference; fileEncoding = 4; lastKnownFileType = sourcecode.c.objc; path = MapViewController.m; sourceTree = "<group>"; };
		1AFB5DAD1AFB1593004C4083 /* MoreInfoViewController.h */ = {isa = PBXFileReference; fileEncoding = 4; lastKnownFileType = sourcecode.c.h; path = MoreInfoViewController.h; sourceTree = "<group>"; };
		1AFB5DAE1AFB1593004C4083 /* MoreInfoViewController.m */ = {isa = PBXFileReference; fileEncoding = 4; lastKnownFileType = sourcecode.c.objc; path = MoreInfoViewController.m; sourceTree = "<group>"; };
/* End PBXFileReference section */

/* Begin PBXFrameworksBuildPhase section */
		1AFB5D5D1AFB0D27004C4083 /* Frameworks */ = {
			isa = PBXFrameworksBuildPhase;
			buildActionMask = 2147483647;
			files = (
				1AFB5D8C1AFB0E76004C4083 /* MapKit.framework in Frameworks */,
				1AFB5D8A1AFB0E6E004C4083 /* CoreLocation.framework in Frameworks */,
			);
			runOnlyForDeploymentPostprocessing = 0;
		};
		1AFB5D761AFB0D27004C4083 /* Frameworks */ = {
			isa = PBXFrameworksBuildPhase;
			buildActionMask = 2147483647;
			files = (
			);
			runOnlyForDeploymentPostprocessing = 0;
		};
/* End PBXFrameworksBuildPhase section */

/* Begin PBXGroup section */
		1AFB5D571AFB0D27004C4083 = {
			isa = PBXGroup;
			children = (
				1AFB5D8B1AFB0E76004C4083 /* MapKit.framework */,
				1AFB5D891AFB0E6E004C4083 /* CoreLocation.framework */,
				1AFB5D621AFB0D27004C4083 /* BikeShareInterfaceBuilder */,
				1AFB5D7C1AFB0D27004C4083 /* BikeShareInterfaceBuilderTests */,
				1AFB5D611AFB0D27004C4083 /* Products */,
			);
			sourceTree = "<group>";
		};
		1AFB5D611AFB0D27004C4083 /* Products */ = {
			isa = PBXGroup;
			children = (
				1AFB5D601AFB0D27004C4083 /* BikeShareInterfaceBuilder.app */,
				1AFB5D791AFB0D27004C4083 /* BikeShareInterfaceBuilderTests.xctest */,
			);
			name = Products;
			sourceTree = "<group>";
		};
		1AFB5D621AFB0D27004C4083 /* BikeShareInterfaceBuilder */ = {
			isa = PBXGroup;
			children = (
				1AFB5D8D1AFB0EE1004C4083 /* Controller */,
				1AFB5D8E1AFB0EEF004C4083 /* Model */,
				1AFB5D6D1AFB0D27004C4083 /* Main.storyboard */,
				1AFB5D701AFB0D27004C4083 /* Images.xcassets */,
				1AFB5D721AFB0D27004C4083 /* LaunchScreen.xib */,
				1AFB5D631AFB0D27004C4083 /* Supporting Files */,
			);
			path = BikeShareInterfaceBuilder;
			sourceTree = "<group>";
		};
		1AFB5D631AFB0D27004C4083 /* Supporting Files */ = {
			isa = PBXGroup;
			children = (
				1AFB5D641AFB0D27004C4083 /* Info.plist */,
				1AFB5D651AFB0D27004C4083 /* main.m */,
			);
			name = "Supporting Files";
			sourceTree = "<group>";
		};
		1AFB5D7C1AFB0D27004C4083 /* BikeShareInterfaceBuilderTests */ = {
			isa = PBXGroup;
			children = (
				1AFB5D7F1AFB0D27004C4083 /* BikeShareInterfaceBuilderTests.m */,
				1AFB5D7D1AFB0D27004C4083 /* Supporting Files */,
			);
			path = BikeShareInterfaceBuilderTests;
			sourceTree = "<group>";
		};
		1AFB5D7D1AFB0D27004C4083 /* Supporting Files */ = {
			isa = PBXGroup;
			children = (
				1AFB5D7E1AFB0D27004C4083 /* Info.plist */,
			);
			name = "Supporting Files";
			sourceTree = "<group>";
		};
		1AFB5D8D1AFB0EE1004C4083 /* Controller */ = {
			isa = PBXGroup;
			children = (
				1AFB5D671AFB0D27004C4083 /* AppDelegate.h */,
				1AFB5D681AFB0D27004C4083 /* AppDelegate.m */,
				1AFB5DAA1AFB1586004C4083 /* MapViewController.h */,
				1AFB5DAB1AFB1586004C4083 /* MapViewController.m */,
				1AFB5DAD1AFB1593004C4083 /* MoreInfoViewController.h */,
				1AFB5DAE1AFB1593004C4083 /* MoreInfoViewController.m */,
				1A6BCFD81AFCFC7000E137DF /* TestTabBarViewController.h */,
				1A6BCFD91AFCFC7000E137DF /* TestTabBarViewController.m */,
				1A6BCFDB1AFCFDB200E137DF /* ViewController.h */,
				1A6BCFDC1AFCFDB200E137DF /* ViewController.m */,
			);
			name = Controller;
			sourceTree = "<group>";
		};
		1AFB5D8E1AFB0EEF004C4083 /* Model */ = {
			isa = PBXGroup;
			children = (
				1AFB5D8F1AFB0F47004C4083 /* HTTPCommunication.h */,
				1AFB5D901AFB0F47004C4083 /* HTTPCommunication.m */,
				1AFB5D951AFB0FF0004C4083 /* BikeShareLocation.h */,
				1AFB5D961AFB0FF0004C4083 /* BikeShareLocation.m */,
				1AFB5D981AFB1061004C4083 /* BikeShareLocationManager.h */,
				1AFB5D991AFB1061004C4083 /* BikeShareLocationManager.m */,
				1A3A43B11AFC507B004CB481 /* BikeStationMKMapView.h */,
				1A3A43B21AFC507B004CB481 /* BikeStationMKMapView.m */,
			);
			name = Model;
			sourceTree = "<group>";
		};
/* End PBXGroup section */

/* Begin PBXNativeTarget section */
		1AFB5D5F1AFB0D27004C4083 /* BikeShareInterfaceBuilder */ = {
			isa = PBXNativeTarget;
			buildConfigurationList = 1AFB5D831AFB0D27004C4083 /* Build configuration list for PBXNativeTarget "BikeShareInterfaceBuilder" */;
			buildPhases = (
				1AFB5D5C1AFB0D27004C4083 /* Sources */,
				1AFB5D5D1AFB0D27004C4083 /* Frameworks */,
				1AFB5D5E1AFB0D27004C4083 /* Resources */,
			);
			buildRules = (
			);
			dependencies = (
			);
			name = BikeShareInterfaceBuilder;
			productName = BikeShareInterfaceBuilder;
			productReference = 1AFB5D601AFB0D27004C4083 /* BikeShareInterfaceBuilder.app */;
			productType = "com.apple.product-type.application";
		};
		1AFB5D781AFB0D27004C4083 /* BikeShareInterfaceBuilderTests */ = {
			isa = PBXNativeTarget;
			buildConfigurationList = 1AFB5D861AFB0D27004C4083 /* Build configuration list for PBXNativeTarget "BikeShareInterfaceBuilderTests" */;
			buildPhases = (
				1AFB5D751AFB0D27004C4083 /* Sources */,
				1AFB5D761AFB0D27004C4083 /* Frameworks */,
				1AFB5D771AFB0D27004C4083 /* Resources */,
			);
			buildRules = (
			);
			dependencies = (
				1AFB5D7B1AFB0D27004C4083 /* PBXTargetDependency */,
			);
			name = BikeShareInterfaceBuilderTests;
			productName = BikeShareInterfaceBuilderTests;
			productReference = 1AFB5D791AFB0D27004C4083 /* BikeShareInterfaceBuilderTests.xctest */;
			productType = "com.apple.product-type.bundle.unit-test";
		};
/* End PBXNativeTarget section */

/* Begin PBXProject section */
		1AFB5D581AFB0D27004C4083 /* Project object */ = {
			isa = PBXProject;
			attributes = {
				LastUpgradeCheck = 0630;
				ORGANIZATIONNAME = "Yung Dai";
				TargetAttributes = {
					1AFB5D5F1AFB0D27004C4083 = {
						CreatedOnToolsVersion = 6.3.1;
					};
					1AFB5D781AFB0D27004C4083 = {
						CreatedOnToolsVersion = 6.3.1;
						TestTargetID = 1AFB5D5F1AFB0D27004C4083;
					};
				};
			};
			buildConfigurationList = 1AFB5D5B1AFB0D27004C4083 /* Build configuration list for PBXProject "BikeShareInterfaceBuilder" */;
			compatibilityVersion = "Xcode 3.2";
			developmentRegion = English;
			hasScannedForEncodings = 0;
			knownRegions = (
				en,
				Base,
			);
			mainGroup = 1AFB5D571AFB0D27004C4083;
			productRefGroup = 1AFB5D611AFB0D27004C4083 /* Products */;
			projectDirPath = "";
			projectRoot = "";
			targets = (
				1AFB5D5F1AFB0D27004C4083 /* BikeShareInterfaceBuilder */,
				1AFB5D781AFB0D27004C4083 /* BikeShareInterfaceBuilderTests */,
			);
		};
/* End PBXProject section */

/* Begin PBXResourcesBuildPhase section */
		1AFB5D5E1AFB0D27004C4083 /* Resources */ = {
			isa = PBXResourcesBuildPhase;
			buildActionMask = 2147483647;
			files = (
				1AFB5D6F1AFB0D27004C4083 /* Main.storyboard in Resources */,
				1AFB5D741AFB0D27004C4083 /* LaunchScreen.xib in Resources */,
				1AFB5D711AFB0D27004C4083 /* Images.xcassets in Resources */,
			);
			runOnlyForDeploymentPostprocessing = 0;
		};
		1AFB5D771AFB0D27004C4083 /* Resources */ = {
			isa = PBXResourcesBuildPhase;
			buildActionMask = 2147483647;
			files = (
			);
			runOnlyForDeploymentPostprocessing = 0;
		};
/* End PBXResourcesBuildPhase section */

/* Begin PBXSourcesBuildPhase section */
		1AFB5D5C1AFB0D27004C4083 /* Sources */ = {
			isa = PBXSourcesBuildPhase;
			buildActionMask = 2147483647;
			files = (
				1AFB5DAF1AFB1593004C4083 /* MoreInfoViewController.m in Sources */,
				1AFB5D691AFB0D27004C4083 /* AppDelegate.m in Sources */,
				1AFB5D971AFB0FF0004C4083 /* BikeShareLocation.m in Sources */,
				1AFB5D661AFB0D27004C4083 /* main.m in Sources */,
				1A6BCFDD1AFCFDB200E137DF /* ViewController.m in Sources */,
				1AFB5DAC1AFB1586004C4083 /* MapViewController.m in Sources */,
				1AFB5D9A1AFB1061004C4083 /* BikeShareLocationManager.m in Sources */,
				1AFB5D911AFB0F47004C4083 /* HTTPCommunication.m in Sources */,
				1A6BCFDA1AFCFC7000E137DF /* TestTabBarViewController.m in Sources */,
				1A3A43B31AFC507B004CB481 /* BikeStationMKMapView.m in Sources */,
			);
			runOnlyForDeploymentPostprocessing = 0;
		};
		1AFB5D751AFB0D27004C4083 /* Sources */ = {
			isa = PBXSourcesBuildPhase;
			buildActionMask = 2147483647;
			files = (
				1AFB5D801AFB0D27004C4083 /* BikeShareInterfaceBuilderTests.m in Sources */,
			);
			runOnlyForDeploymentPostprocessing = 0;
		};
/* End PBXSourcesBuildPhase section */

/* Begin PBXTargetDependency section */
		1AFB5D7B1AFB0D27004C4083 /* PBXTargetDependency */ = {
			isa = PBXTargetDependency;
			target = 1AFB5D5F1AFB0D27004C4083 /* BikeShareInterfaceBuilder */;
			targetProxy = 1AFB5D7A1AFB0D27004C4083 /* PBXContainerItemProxy */;
		};
/* End PBXTargetDependency section */

/* Begin PBXVariantGroup section */
		1AFB5D6D1AFB0D27004C4083 /* Main.storyboard */ = {
			isa = PBXVariantGroup;
			children = (
				1AFB5D6E1AFB0D27004C4083 /* Base */,
			);
			name = Main.storyboard;
			sourceTree = "<group>";
		};
		1AFB5D721AFB0D27004C4083 /* LaunchScreen.xib */ = {
			isa = PBXVariantGroup;
			children = (
				1AFB5D731AFB0D27004C4083 /* Base */,
			);
			name = LaunchScreen.xib;
			sourceTree = "<group>";
		};
/* End PBXVariantGroup section */

/* Begin XCBuildConfiguration section */
		1AFB5D811AFB0D27004C4083 /* Debug */ = {
			isa = XCBuildConfiguration;
			buildSettings = {
				ALWAYS_SEARCH_USER_PATHS = NO;
				CLANG_CXX_LANGUAGE_STANDARD = "gnu++0x";
				CLANG_CXX_LIBRARY = "libc++";
				CLANG_ENABLE_MODULES = YES;
				CLANG_ENABLE_OBJC_ARC = YES;
				CLANG_WARN_BOOL_CONVERSION = YES;
				CLANG_WARN_CONSTANT_CONVERSION = YES;
				CLANG_WARN_DIRECT_OBJC_ISA_USAGE = YES_ERROR;
				CLANG_WARN_EMPTY_BODY = YES;
				CLANG_WARN_ENUM_CONVERSION = YES;
				CLANG_WARN_INT_CONVERSION = YES;
				CLANG_WARN_OBJC_ROOT_CLASS = YES_ERROR;
				CLANG_WARN_UNREACHABLE_CODE = YES;
				CLANG_WARN__DUPLICATE_METHOD_MATCH = YES;
				"CODE_SIGN_IDENTITY[sdk=iphoneos*]" = "iPhone Developer";
				COPY_PHASE_STRIP = NO;
				DEBUG_INFORMATION_FORMAT = "dwarf-with-dsym";
				ENABLE_STRICT_OBJC_MSGSEND = YES;
				GCC_C_LANGUAGE_STANDARD = gnu99;
				GCC_DYNAMIC_NO_PIC = NO;
				GCC_NO_COMMON_BLOCKS = YES;
				GCC_OPTIMIZATION_LEVEL = 0;
				GCC_PREPROCESSOR_DEFINITIONS = (
					"DEBUG=1",
					"$(inherited)",
				);
				GCC_SYMBOLS_PRIVATE_EXTERN = NO;
				GCC_WARN_64_TO_32_BIT_CONVERSION = YES;
				GCC_WARN_ABOUT_RETURN_TYPE = YES_ERROR;
				GCC_WARN_UNDECLARED_SELECTOR = YES;
				GCC_WARN_UNINITIALIZED_AUTOS = YES_AGGRESSIVE;
				GCC_WARN_UNUSED_FUNCTION = YES;
				GCC_WARN_UNUSED_VARIABLE = YES;
				IPHONEOS_DEPLOYMENT_TARGET = 8.3;
				MTL_ENABLE_DEBUG_INFO = YES;
				ONLY_ACTIVE_ARCH = YES;
				SDKROOT = iphoneos;
				TARGETED_DEVICE_FAMILY = "1,2";
			};
			name = Debug;
		};
		1AFB5D821AFB0D27004C4083 /* Release */ = {
			isa = XCBuildConfiguration;
			buildSettings = {
				ALWAYS_SEARCH_USER_PATHS = NO;
				CLANG_CXX_LANGUAGE_STANDARD = "gnu++0x";
				CLANG_CXX_LIBRARY = "libc++";
				CLANG_ENABLE_MODULES = YES;
				CLANG_ENABLE_OBJC_ARC = YES;
				CLANG_WARN_BOOL_CONVERSION = YES;
				CLANG_WARN_CONSTANT_CONVERSION = YES;
				CLANG_WARN_DIRECT_OBJC_ISA_USAGE = YES_ERROR;
				CLANG_WARN_EMPTY_BODY = YES;
				CLANG_WARN_ENUM_CONVERSION = YES;
				CLANG_WARN_INT_CONVERSION = YES;
				CLANG_WARN_OBJC_ROOT_CLASS = YES_ERROR;
				CLANG_WARN_UNREACHABLE_CODE = YES;
				CLANG_WARN__DUPLICATE_METHOD_MATCH = YES;
				"CODE_SIGN_IDENTITY[sdk=iphoneos*]" = "iPhone Developer";
				COPY_PHASE_STRIP = NO;
				DEBUG_INFORMATION_FORMAT = "dwarf-with-dsym";
				ENABLE_NS_ASSERTIONS = NO;
				ENABLE_STRICT_OBJC_MSGSEND = YES;
				GCC_C_LANGUAGE_STANDARD = gnu99;
				GCC_NO_COMMON_BLOCKS = YES;
				GCC_WARN_64_TO_32_BIT_CONVERSION = YES;
				GCC_WARN_ABOUT_RETURN_TYPE = YES_ERROR;
				GCC_WARN_UNDECLARED_SELECTOR = YES;
				GCC_WARN_UNINITIALIZED_AUTOS = YES_AGGRESSIVE;
				GCC_WARN_UNUSED_FUNCTION = YES;
				GCC_WARN_UNUSED_VARIABLE = YES;
				IPHONEOS_DEPLOYMENT_TARGET = 8.3;
				MTL_ENABLE_DEBUG_INFO = NO;
				SDKROOT = iphoneos;
				TARGETED_DEVICE_FAMILY = "1,2";
				VALIDATE_PRODUCT = YES;
			};
			name = Release;
		};
		1AFB5D841AFB0D27004C4083 /* Debug */ = {
			isa = XCBuildConfiguration;
			buildSettings = {
				ASSETCATALOG_COMPILER_APPICON_NAME = AppIcon;
				INFOPLIST_FILE = BikeShareInterfaceBuilder/Info.plist;
				LD_RUNPATH_SEARCH_PATHS = "$(inherited) @executable_path/Frameworks";
				PRODUCT_NAME = "$(TARGET_NAME)";
			};
			name = Debug;
		};
		1AFB5D851AFB0D27004C4083 /* Release */ = {
			isa = XCBuildConfiguration;
			buildSettings = {
				ASSETCATALOG_COMPILER_APPICON_NAME = AppIcon;
				INFOPLIST_FILE = BikeShareInterfaceBuilder/Info.plist;
				LD_RUNPATH_SEARCH_PATHS = "$(inherited) @executable_path/Frameworks";
				PRODUCT_NAME = "$(TARGET_NAME)";
			};
			name = Release;
		};
		1AFB5D871AFB0D27004C4083 /* Debug */ = {
			isa = XCBuildConfiguration;
			buildSettings = {
				BUNDLE_LOADER = "$(TEST_HOST)";
				FRAMEWORK_SEARCH_PATHS = (
					"$(SDKROOT)/Developer/Library/Frameworks",
					"$(inherited)",
				);
				GCC_PREPROCESSOR_DEFINITIONS = (
					"DEBUG=1",
					"$(inherited)",
				);
				INFOPLIST_FILE = BikeShareInterfaceBuilderTests/Info.plist;
				LD_RUNPATH_SEARCH_PATHS = "$(inherited) @executable_path/Frameworks @loader_path/Frameworks";
				PRODUCT_NAME = "$(TARGET_NAME)";
				TEST_HOST = "$(BUILT_PRODUCTS_DIR)/BikeShareInterfaceBuilder.app/BikeShareInterfaceBuilder";
			};
			name = Debug;
		};
		1AFB5D881AFB0D27004C4083 /* Release */ = {
			isa = XCBuildConfiguration;
			buildSettings = {
				BUNDLE_LOADER = "$(TEST_HOST)";
				FRAMEWORK_SEARCH_PATHS = (
					"$(SDKROOT)/Developer/Library/Frameworks",
					"$(inherited)",
				);
				INFOPLIST_FILE = BikeShareInterfaceBuilderTests/Info.plist;
				LD_RUNPATH_SEARCH_PATHS = "$(inherited) @executable_path/Frameworks @loader_path/Frameworks";
				PRODUCT_NAME = "$(TARGET_NAME)";
				TEST_HOST = "$(BUILT_PRODUCTS_DIR)/BikeShareInterfaceBuilder.app/BikeShareInterfaceBuilder";
			};
			name = Release;
		};
/* End XCBuildConfiguration section */

/* Begin XCConfigurationList section */
		1AFB5D5B1AFB0D27004C4083 /* Build configuration list for PBXProject "BikeShareInterfaceBuilder" */ = {
			isa = XCConfigurationList;
			buildConfigurations = (
				1AFB5D811AFB0D27004C4083 /* Debug */,
				1AFB5D821AFB0D27004C4083 /* Release */,
			);
			defaultConfigurationIsVisible = 0;
			defaultConfigurationName = Release;
		};
		1AFB5D831AFB0D27004C4083 /* Build configuration list for PBXNativeTarget "BikeShareInterfaceBuilder" */ = {
			isa = XCConfigurationList;
			buildConfigurations = (
				1AFB5D841AFB0D27004C4083 /* Debug */,
				1AFB5D851AFB0D27004C4083 /* Release */,
			);
			defaultConfigurationIsVisible = 0;
			defaultConfigurationName = Release;
		};
		1AFB5D861AFB0D27004C4083 /* Build configuration list for PBXNativeTarget "BikeShareInterfaceBuilderTests" */ = {
			isa = XCConfigurationList;
			buildConfigurations = (
				1AFB5D871AFB0D27004C4083 /* Debug */,
				1AFB5D881AFB0D27004C4083 /* Release */,
			);
			defaultConfigurationIsVisible = 0;
			defaultConfigurationName = Release;
		};
/* End XCConfigurationList section */
	};
	rootObject = 1AFB5D581AFB0D27004C4083 /* Project object */;
}
